# This file is automatically @generated by Cargo.
# It is not intended for manual editing.
version = 4

[[package]]
name = "rlibbencode"
version = "0.1.0"
source = "git+https://github.com/sectorrent/rlibbencode#8012991c0a36c702b2d101cdb2458a0866ae2897"

[[package]]
name = "rlibdht"
version = "0.1.0"
dependencies = [
 "rlibbencode",
]
