# This file is automatically @generated by Cargo.
# It is not intended for manual editing.
version = 4

[[package]]
name = "rlibbencode"
version = "0.1.0"
source = "git+https://github.com/sectorrent/rlibbencode#ab9257605c26ad0f0a73e57572ff139e54232ed4"

[[package]]
name = "rlibdht"
version = "0.1.0"
dependencies = [
 "rlibbencode",
]
